
Microsoft Visual Studio Solution File, Format Version 12.00
# Visual Studio Version 17
VisualStudioVersion = 17.8.34511.84
MinimumVisualStudioVersion = 10.0.40219.1
Project("{FAE04EC0-301F-11D3-BF4B-00C04F79EFBC}") = "Asp.NetCore.ProductsAPI", "Asp.NetCore.ProductsAPI.csproj", "{38BE3ECC-C0CC-4CFD-BA2A-6CAC0B6A6B70}"
EndProject
Global
	GlobalSection(SolutionConfigurationPlatforms) = preSolution
		Debug|Any CPU = Debug|Any CPU
		Release|Any CPU = Release|Any CPU
	EndGlobalSection
	GlobalSection(ProjectConfigurationPlatforms) = postSolution
		{38BE3ECC-C0CC-4CFD-BA2A-6CAC0B6A6B70}.Debug|Any CPU.ActiveCfg = Debug|Any CPU
		{38BE3ECC-C0CC-4CFD-BA2A-6CAC0B6A6B70}.Debug|Any CPU.Build.0 = Debug|Any CPU
		{38BE3ECC-C0CC-4CFD-BA2A-6CAC0B6A6B70}.Release|Any CPU.ActiveCfg = Release|Any CPU
		{38BE3ECC-C0CC-4CFD-BA2A-6CAC0B6A6B70}.Release|Any CPU.Build.0 = Release|Any CPU
	EndGlobalSection
	GlobalSection(SolutionProperties) = preSolution
		HideSolutionNode = FALSE
	EndGlobalSection
	GlobalSection(ExtensibilityGlobals) = postSolution
		SolutionGuid = {49B73962-56F2-4272-9E79-1834692A826E}
	EndGlobalSection
EndGlobal
